PODS:
  - PinkyPromise (0.4.0)
  - ReSwift (3.0.0)
  - Spruce (1.0.0)
  - TableDiff (0.1.0)

DEPENDENCIES:
  - PinkyPromise (from `https://github.com/willowtreeapps/PinkyPromise.git`, branch `swift-3`)
  - ReSwift
  - Spruce
  - TableDiff (from `https://github.com/willowtreeapps/tablediff`, tag `v0.5`)

EXTERNAL SOURCES:
  PinkyPromise:
    :branch: swift-3
    :git: https://github.com/willowtreeapps/PinkyPromise.git
  TableDiff:
    :git: https://github.com/willowtreeapps/tablediff
    :tag: v0.5

CHECKOUT OPTIONS:
  PinkyPromise:
    :commit: d9dc993d51bc7816617f31ede62be419290c0899
    :git: https://github.com/willowtreeapps/PinkyPromise.git
  TableDiff:
    :git: https://github.com/willowtreeapps/tablediff
    :tag: v0.5

SPEC CHECKSUMS:
  PinkyPromise: 17079cbfddf344d9d33fd9938c56b50937f154e1
  ReSwift: f0255f4b4f2dacd12c5d97d34d13fc5dad6d6371
  Spruce: 07ffdb990923f500111fcbf13d102e16075b230e
  TableDiff: 01788e2c60189b4c16dbabebcc14f73aeed8e700

PODFILE CHECKSUM: ee9133a84d87dbe7a2ad4039c4784e719a23e489

COCOAPODS: 1.1.1
